// !$*UTF8*$!
{
	archiveVersion = 1;
	classes = {
	};
	objectVersion = 77;
	objects = {

/* Begin PBXBuildFile section */
		06BB045C4B5B340CB84B5FFF /* WindowManager.swift in Sources */ = {isa = PBXBuildFile; fileRef = 735EA55D06ADAFC1AF6885E7 /* WindowManager.swift */; };
		06E51115589B23BCCB083811 /* GPUCollector.swift in Sources */ = {isa = PBXBuildFile; fileRef = 7BCBE6983A25284AB3458227 /* GPUCollector.swift */; };
		157597EA1FDB3BE0A88333AB /* SMC.swift in Sources */ = {isa = PBXBuildFile; fileRef = CC6419C78A0981E1D87D8060 /* SMC.swift */; };
		19D4164221C4F2C26D2BCDB9 /* MemoryCollector.swift in Sources */ = {isa = PBXBuildFile; fileRef = 6B8FD60637472C46B203C2C1 /* MemoryCollector.swift */; };
		1D5AE7F0D938F34CB15CA7EE /* OnboardingView.swift in Sources */ = {isa = PBXBuildFile; fileRef = 736EC4779535ED9D37E1D2E3 /* OnboardingView.swift */; };
		1E6B49AF0F1B061160F2E690 /* SettingsView.swift in Sources */ = {isa = PBXBuildFile; fileRef = 3248C05875E377406371B764 /* SettingsView.swift */; };
		2719B890822A29CEDA73DE1C /* MenuBarVisibility.swift in Sources */ = {isa = PBXBuildFile; fileRef = A45428C223E6B793D8D18190 /* MenuBarVisibility.swift */; };
		27B118B2C9ACBAAD0ACC6FE4 /* MenuBarStyle.swift in Sources */ = {isa = PBXBuildFile; fileRef = E359587F5A5BB23E42A873E0 /* MenuBarStyle.swift */; };
		2A08640DD0475046D3D6E44E /* Assets.xcassets in Resources */ = {isa = PBXBuildFile; fileRef = 1316F0D043A19B1F35C58D64 /* Assets.xcassets */; };
		2CE9CF2ECD41502D3301319F /* PowerGate.swift in Sources */ = {isa = PBXBuildFile; fileRef = F92183088B5602ECA4282116 /* PowerGate.swift */; };
		491398778EF9BBE8C24B23B6 /* SnapshotTool.swift in Sources */ = {isa = PBXBuildFile; fileRef = 0041B24D0813F742D8437DB7 /* SnapshotTool.swift */; };
		52910974B06F0061D620B33E /* InfoApp.swift in Sources */ = {isa = PBXBuildFile; fileRef = 9CE17F6AA0B42CB07145C5E1 /* InfoApp.swift */; };
		6A8D454C77536138D45D0226 /* MetricsEngine.swift in Sources */ = {isa = PBXBuildFile; fileRef = 28B0339EAEC08C5453DE397C /* MetricsEngine.swift */; };
		6FA52751E1B90F41E236DC57 /* SmokeTests.swift in Sources */ = {isa = PBXBuildFile; fileRef = 379D0FB970AEDC8833845CC1 /* SmokeTests.swift */; };
		812B9CEA26B866E0377C57BF /* Logging.swift in Sources */ = {isa = PBXBuildFile; fileRef = 9ACB2C8393A97447D023D0BE /* Logging.swift */; };
		854FAE998766416C5BB1B97B /* PanelComponents.swift in Sources */ = {isa = PBXBuildFile; fileRef = FC17E90531FBF0F6E7EE9BC4 /* PanelComponents.swift */; };
		862D70C7362FFF9A793294E9 /* CPUCollector.swift in Sources */ = {isa = PBXBuildFile; fileRef = 5C2F2C28C3717C476895DF99 /* CPUCollector.swift */; };
		8FAB3A362B3559D0E654E353 /* MetricKind.swift in Sources */ = {isa = PBXBuildFile; fileRef = 4B4AFF0D1DF79E03436C124A /* MetricKind.swift */; };
		B39264797F42766CBB9DA327 /* NetworkInfo.swift in Sources */ = {isa = PBXBuildFile; fileRef = ADD1D7BBB9A8326C2BA72E0D /* NetworkInfo.swift */; };
		B5D65757D121DF12B0967CE1 /* SamplingState.swift in Sources */ = {isa = PBXBuildFile; fileRef = 050B808DB7E71679616D4655 /* SamplingState.swift */; };
		BB16E0F75B508C492A84D2DF /* MenuBarItemView.swift in Sources */ = {isa = PBXBuildFile; fileRef = FFEC7FF222B30E11A0E84B9A /* MenuBarItemView.swift */; };
		BFAF49D9081C3BA483EB6194 /* Formatting.swift in Sources */ = {isa = PBXBuildFile; fileRef = 6430F876BB5014C936209E53 /* Formatting.swift */; };
		C36F774B0D7004ACBABB2587 /* NetworkCollector.swift in Sources */ = {isa = PBXBuildFile; fileRef = FD00BF9F40A6FE41C0E1F903 /* NetworkCollector.swift */; };
		C8B19A1F1DF851F9A5F24323 /* RingBuffer.swift in Sources */ = {isa = PBXBuildFile; fileRef = A0C52389F015C1E65F9CFC7E /* RingBuffer.swift */; };
		C9A9C7AF1C40FB8F7289B9FF /* TemperatureModel.swift in Sources */ = {isa = PBXBuildFile; fileRef = 08820C986732B01174856BB5 /* TemperatureModel.swift */; };
		DC3E8CE5F7CD6186326DEB6F /* TopProcesses.swift in Sources */ = {isa = PBXBuildFile; fileRef = 8416F34AA77ADFF6C25E6BA6 /* TopProcesses.swift */; };
		E78FBE6E0572026CBEACE86C /* MetricPanels.swift in Sources */ = {isa = PBXBuildFile; fileRef = 17B2A80506F00A49DA464576 /* MetricPanels.swift */; };
		E7F8A269BCCF3517F740111A /* MetricsSnapshot.swift in Sources */ = {isa = PBXBuildFile; fileRef = CB2849A82F8173AFD92E3AEF /* MetricsSnapshot.swift */; };
		EA557F67912DAB1AD3BF911F /* NetworkExtras.swift in Sources */ = {isa = PBXBuildFile; fileRef = A44B6DD3F914717BCD11C05E /* NetworkExtras.swift */; };
		EBFB9C4EA517BC50B414202E /* Preferences.swift in Sources */ = {isa = PBXBuildFile; fileRef = 53136556B0919E66AE6630BC /* Preferences.swift */; };
		F03FA0F63FB4151D423E3E3B /* StatusItemController.swift in Sources */ = {isa = PBXBuildFile; fileRef = CF22D51296B845C5FA385620 /* StatusItemController.swift */; };
		F992B8A0B61D4606B201708E /* AppDelegate.swift in Sources */ = {isa = PBXBuildFile; fileRef = E5FAE8159862C9BACCEA9B9B /* AppDelegate.swift */; };
		FCC24ECA7660A465CDA9F5BF /* LaunchAtLogin.swift in Sources */ = {isa = PBXBuildFile; fileRef = 06D864E6AE25A4833FFB5DD9 /* LaunchAtLogin.swift */; };
/* End PBXBuildFile section */

/* Begin PBXContainerItemProxy section */
		16F5E8E7B88CBA0D6D9A39C8 /* PBXContainerItemProxy */ = {
			isa = PBXContainerItemProxy;
			containerPortal = 047E785A26E310D465C55837 /* Project object */;
			proxyType = 1;
			remoteGlobalIDString = CC5DFC91ED15F4DD8783D1D5;
			remoteInfo = Info;
		};
/* End PBXContainerItemProxy section */

/* Begin PBXFileReference section */
		0041B24D0813F742D8437DB7 /* SnapshotTool.swift */ = {isa = PBXFileReference; lastKnownFileType = sourcecode.swift; path = SnapshotTool.swift; sourceTree = "<group>"; };
		050B808DB7E71679616D4655 /* SamplingState.swift */ = {isa = PBXFileReference; lastKnownFileType = sourcecode.swift; path = SamplingState.swift; sourceTree = "<group>"; };
		06D864E6AE25A4833FFB5DD9 /* LaunchAtLogin.swift */ = {isa = PBXFileReference; lastKnownFileType = sourcecode.swift; path = LaunchAtLogin.swift; sourceTree = "<group>"; };
		08820C986732B01174856BB5 /* TemperatureModel.swift */ = {isa = PBXFileReference; lastKnownFileType = sourcecode.swift; path = TemperatureModel.swift; sourceTree = "<group>"; };
		0DE6590878D9379F00E33BDB /* InfoTests.xctest */ = {isa = PBXFileReference; explicitFileType = wrapper.cfbundle; includeInIndex = 0; path = InfoTests.xctest; sourceTree = BUILT_PRODUCTS_DIR; };
		1316F0D043A19B1F35C58D64 /* Assets.xcassets */ = {isa = PBXFileReference; lastKnownFileType = folder.assetcatalog; path = Assets.xcassets; sourceTree = "<group>"; };
		17B2A80506F00A49DA464576 /* MetricPanels.swift */ = {isa = PBXFileReference; lastKnownFileType = sourcecode.swift; path = MetricPanels.swift; sourceTree = "<group>"; };
		28B0339EAEC08C5453DE397C /* MetricsEngine.swift */ = {isa = PBXFileReference; lastKnownFileType = sourcecode.swift; path = MetricsEngine.swift; sourceTree = "<group>"; };
		3248C05875E377406371B764 /* SettingsView.swift */ = {isa = PBXFileReference; lastKnownFileType = sourcecode.swift; path = SettingsView.swift; sourceTree = "<group>"; };
		379D0FB970AEDC8833845CC1 /* SmokeTests.swift */ = {isa = PBXFileReference; lastKnownFileType = sourcecode.swift; path = SmokeTests.swift; sourceTree = "<group>"; };
		4B4AFF0D1DF79E03436C124A /* MetricKind.swift */ = {isa = PBXFileReference; lastKnownFileType = sourcecode.swift; path = MetricKind.swift; sourceTree = "<group>"; };
		53136556B0919E66AE6630BC /* Preferences.swift */ = {isa = PBXFileReference; lastKnownFileType = sourcecode.swift; path = Preferences.swift; sourceTree = "<group>"; };
		5C2F2C28C3717C476895DF99 /* CPUCollector.swift */ = {isa = PBXFileReference; lastKnownFileType = sourcecode.swift; path = CPUCollector.swift; sourceTree = "<group>"; };
		6430F876BB5014C936209E53 /* Formatting.swift */ = {isa = PBXFileReference; lastKnownFileType = sourcecode.swift; path = Formatting.swift; sourceTree = "<group>"; };
		6B8FD60637472C46B203C2C1 /* MemoryCollector.swift */ = {isa = PBXFileReference; lastKnownFileType = sourcecode.swift; path = MemoryCollector.swift; sourceTree = "<group>"; };
		735EA55D06ADAFC1AF6885E7 /* WindowManager.swift */ = {isa = PBXFileReference; lastKnownFileType = sourcecode.swift; path = WindowManager.swift; sourceTree = "<group>"; };
		736EC4779535ED9D37E1D2E3 /* OnboardingView.swift */ = {isa = PBXFileReference; lastKnownFileType = sourcecode.swift; path = OnboardingView.swift; sourceTree = "<group>"; };
		7BCBE6983A25284AB3458227 /* GPUCollector.swift */ = {isa = PBXFileReference; lastKnownFileType = sourcecode.swift; path = GPUCollector.swift; sourceTree = "<group>"; };
		8168DB22DFA7713EDBC154E6 /* Info.app */ = {isa = PBXFileReference; explicitFileType = wrapper.application; includeInIndex = 0; path = Info.app; sourceTree = BUILT_PRODUCTS_DIR; };
		8416F34AA77ADFF6C25E6BA6 /* TopProcesses.swift */ = {isa = PBXFileReference; lastKnownFileType = sourcecode.swift; path = TopProcesses.swift; sourceTree = "<group>"; };
		9ACB2C8393A97447D023D0BE /* Logging.swift */ = {isa = PBXFileReference; lastKnownFileType = sourcecode.swift; path = Logging.swift; sourceTree = "<group>"; };
		9CE17F6AA0B42CB07145C5E1 /* InfoApp.swift */ = {isa = PBXFileReference; lastKnownFileType = sourcecode.swift; path = InfoApp.swift; sourceTree = "<group>"; };
		A0C52389F015C1E65F9CFC7E /* RingBuffer.swift */ = {isa = PBXFileReference; lastKnownFileType = sourcecode.swift; path = RingBuffer.swift; sourceTree = "<group>"; };
		A44B6DD3F914717BCD11C05E /* NetworkExtras.swift */ = {isa = PBXFileReference; lastKnownFileType = sourcecode.swift; path = NetworkExtras.swift; sourceTree = "<group>"; };
		A45428C223E6B793D8D18190 /* MenuBarVisibility.swift */ = {isa = PBXFileReference; lastKnownFileType = sourcecode.swift; path = MenuBarVisibility.swift; sourceTree = "<group>"; };
		ADD1D7BBB9A8326C2BA72E0D /* NetworkInfo.swift */ = {isa = PBXFileReference; lastKnownFileType = sourcecode.swift; path = NetworkInfo.swift; sourceTree = "<group>"; };
		CB2849A82F8173AFD92E3AEF /* MetricsSnapshot.swift */ = {isa = PBXFileReference; lastKnownFileType = sourcecode.swift; path = MetricsSnapshot.swift; sourceTree = "<group>"; };
		CC6419C78A0981E1D87D8060 /* SMC.swift */ = {isa = PBXFileReference; lastKnownFileType = sourcecode.swift; path = SMC.swift; sourceTree = "<group>"; };
		CF22D51296B845C5FA385620 /* StatusItemController.swift */ = {isa = PBXFileReference; lastKnownFileType = sourcecode.swift; path = StatusItemController.swift; sourceTree = "<group>"; };
		E359587F5A5BB23E42A873E0 /* MenuBarStyle.swift */ = {isa = PBXFileReference; lastKnownFileType = sourcecode.swift; path = MenuBarStyle.swift; sourceTree = "<group>"; };
		E5FAE8159862C9BACCEA9B9B /* AppDelegate.swift */ = {isa = PBXFileReference; lastKnownFileType = sourcecode.swift; path = AppDelegate.swift; sourceTree = "<group>"; };
		F92183088B5602ECA4282116 /* PowerGate.swift */ = {isa = PBXFileReference; lastKnownFileType = sourcecode.swift; path = PowerGate.swift; sourceTree = "<group>"; };
		FC17E90531FBF0F6E7EE9BC4 /* PanelComponents.swift */ = {isa = PBXFileReference; lastKnownFileType = sourcecode.swift; path = PanelComponents.swift; sourceTree = "<group>"; };
		FD00BF9F40A6FE41C0E1F903 /* NetworkCollector.swift */ = {isa = PBXFileReference; lastKnownFileType = sourcecode.swift; path = NetworkCollector.swift; sourceTree = "<group>"; };
		FFEC7FF222B30E11A0E84B9A /* MenuBarItemView.swift */ = {isa = PBXFileReference; lastKnownFileType = sourcecode.swift; path = MenuBarItemView.swift; sourceTree = "<group>"; };
/* End PBXFileReference section */

/* Begin PBXGroup section */
		0193B8A79151FD40ECD87A3C /* Products */ = {
			isa = PBXGroup;
			children = (
				8168DB22DFA7713EDBC154E6 /* Info.app */,
				0DE6590878D9379F00E33BDB /* InfoTests.xctest */,
			);
			name = Products;
			sourceTree = "<group>";
		};
		12C49FD942A2A613860A5BC5 /* Settings */ = {
			isa = PBXGroup;
			children = (
				53136556B0919E66AE6630BC /* Preferences.swift */,
				3248C05875E377406371B764 /* SettingsView.swift */,
			);
			path = Settings;
			sourceTree = "<group>";
		};
		28A2D4C6A864F84B183C690E /* Engine */ = {
			isa = PBXGroup;
			children = (
				28B0339EAEC08C5453DE397C /* MetricsEngine.swift */,
				CB2849A82F8173AFD92E3AEF /* MetricsSnapshot.swift */,
				A0C52389F015C1E65F9CFC7E /* RingBuffer.swift */,
				050B808DB7E71679616D4655 /* SamplingState.swift */,
			);
			path = Engine;
			sourceTree = "<group>";
		};
		42E646CF66255ED665BF17B1 /* MenuBar */ = {
			isa = PBXGroup;
			children = (
				FFEC7FF222B30E11A0E84B9A /* MenuBarItemView.swift */,
				E359587F5A5BB23E42A873E0 /* MenuBarStyle.swift */,
				4B4AFF0D1DF79E03436C124A /* MetricKind.swift */,
				CF22D51296B845C5FA385620 /* StatusItemController.swift */,
			);
			path = MenuBar;
			sourceTree = "<group>";
		};
		67D97120A2318E0C654DDDAC /* Panel */ = {
			isa = PBXGroup;
			children = (
				17B2A80506F00A49DA464576 /* MetricPanels.swift */,
				FC17E90531FBF0F6E7EE9BC4 /* PanelComponents.swift */,
			);
			path = Panel;
			sourceTree = "<group>";
		};
		8259DA04F3B6B68ADCED1C56 /* Onboarding */ = {
			isa = PBXGroup;
			children = (
				A45428C223E6B793D8D18190 /* MenuBarVisibility.swift */,
				736EC4779535ED9D37E1D2E3 /* OnboardingView.swift */,
			);
			path = Onboarding;
			sourceTree = "<group>";
		};
		87139CF58EE340C15E61D834 /* App */ = {
			isa = PBXGroup;
			children = (
				E5FAE8159862C9BACCEA9B9B /* AppDelegate.swift */,
				9CE17F6AA0B42CB07145C5E1 /* InfoApp.swift */,
				735EA55D06ADAFC1AF6885E7 /* WindowManager.swift */,
			);
			path = App;
			sourceTree = "<group>";
		};
		8DB0246C7E68C6CC27F3296A /* Collectors */ = {
			isa = PBXGroup;
			children = (
				5C2F2C28C3717C476895DF99 /* CPUCollector.swift */,
				7BCBE6983A25284AB3458227 /* GPUCollector.swift */,
				6B8FD60637472C46B203C2C1 /* MemoryCollector.swift */,
				FD00BF9F40A6FE41C0E1F903 /* NetworkCollector.swift */,
				A44B6DD3F914717BCD11C05E /* NetworkExtras.swift */,
				ADD1D7BBB9A8326C2BA72E0D /* NetworkInfo.swift */,
				CC6419C78A0981E1D87D8060 /* SMC.swift */,
				08820C986732B01174856BB5 /* TemperatureModel.swift */,
				8416F34AA77ADFF6C25E6BA6 /* TopProcesses.swift */,
			);
			path = Collectors;
			sourceTree = "<group>";
		};
		8E8C467A353E5246ACE691CC /* Resources */ = {
			isa = PBXGroup;
			children = (
				1316F0D043A19B1F35C58D64 /* Assets.xcassets */,
			);
			path = Resources;
			sourceTree = "<group>";
		};
		956D0CBC9F07DC5EFD641E8F = {
			isa = PBXGroup;
			children = (
				B1273601C4A70810742C9A67 /* Info */,
				FCE47525EB1C87004751429E /* Tests */,
				0193B8A79151FD40ECD87A3C /* Products */,
			);
			sourceTree = "<group>";
		};
		B1273601C4A70810742C9A67 /* Info */ = {
			isa = PBXGroup;
			children = (
				87139CF58EE340C15E61D834 /* App */,
				8DB0246C7E68C6CC27F3296A /* Collectors */,
				28A2D4C6A864F84B183C690E /* Engine */,
				42E646CF66255ED665BF17B1 /* MenuBar */,
				8259DA04F3B6B68ADCED1C56 /* Onboarding */,
				67D97120A2318E0C654DDDAC /* Panel */,
				8E8C467A353E5246ACE691CC /* Resources */,
				12C49FD942A2A613860A5BC5 /* Settings */,
				CC2E5C5BB0697B651382C379 /* Support */,
			);
			path = Info;
			sourceTree = "<group>";
		};
		CC2E5C5BB0697B651382C379 /* Support */ = {
			isa = PBXGroup;
			children = (
				6430F876BB5014C936209E53 /* Formatting.swift */,
				06D864E6AE25A4833FFB5DD9 /* LaunchAtLogin.swift */,
				9ACB2C8393A97447D023D0BE /* Logging.swift */,
				F92183088B5602ECA4282116 /* PowerGate.swift */,
				0041B24D0813F742D8437DB7 /* SnapshotTool.swift */,
			);
			path = Support;
			sourceTree = "<group>";
		};
		FCE47525EB1C87004751429E /* Tests */ = {
			isa = PBXGroup;
			children = (
				379D0FB970AEDC8833845CC1 /* SmokeTests.swift */,
			);
			path = Tests;
			sourceTree = "<group>";
		};
/* End PBXGroup section */

/* Begin PBXNativeTarget section */
		1826CD7C2E75A3B6679CCE94 /* InfoTests */ = {
			isa = PBXNativeTarget;
			buildConfigurationList = C43962BC585A04E2F00171D6 /* Build configuration list for PBXNativeTarget "InfoTests" */;
			buildPhases = (
				F9010E12DB556D40D275B12F /* Sources */,
			);
			buildRules = (
			);
			dependencies = (
				1CE247CCD397C9530EB0301E /* PBXTargetDependency */,
			);
			name = InfoTests;
			packageProductDependencies = (
			);
			productName = InfoTests;
			productReference = 0DE6590878D9379F00E33BDB /* InfoTests.xctest */;
			productType = "com.apple.product-type.bundle.unit-test";
		};
		CC5DFC91ED15F4DD8783D1D5 /* Info */ = {
			isa = PBXNativeTarget;
			buildConfigurationList = DA02D4B7840EA570DF66FAFA /* Build configuration list for PBXNativeTarget "Info" */;
			buildPhases = (
				6830FC850407815D382BB15C /* Sources */,
				C5F41FA3D50302EB76D0C73D /* Resources */,
			);
			buildRules = (
			);
			dependencies = (
			);
			name = Info;
			packageProductDependencies = (
			);
			productName = Info;
			productReference = 8168DB22DFA7713EDBC154E6 /* Info.app */;
			productType = "com.apple.product-type.application";
		};
/* End PBXNativeTarget section */

/* Begin PBXProject section */
		047E785A26E310D465C55837 /* Project object */ = {
			isa = PBXProject;
			attributes = {
				BuildIndependentTargetsInParallel = YES;
				LastUpgradeCheck = 1430;
				TargetAttributes = {
					1826CD7C2E75A3B6679CCE94 = {
						ProvisioningStyle = Manual;
					};
					CC5DFC91ED15F4DD8783D1D5 = {
						ProvisioningStyle = Manual;
					};
				};
			};
			buildConfigurationList = 8BE9A334D0096F8CB1238B23 /* Build configuration list for PBXProject "Info" */;
			developmentRegion = en;
			hasScannedForEncodings = 0;
			knownRegions = (
				Base,
				en,
			);
			mainGroup = 956D0CBC9F07DC5EFD641E8F;
			minimizedProjectReferenceProxies = 1;
			preferredProjectObjectVersion = 77;
			productRefGroup = 0193B8A79151FD40ECD87A3C /* Products */;
			projectDirPath = "";
			projectRoot = "";
			targets = (
				CC5DFC91ED15F4DD8783D1D5 /* Info */,
				1826CD7C2E75A3B6679CCE94 /* InfoTests */,
			);
		};
/* End PBXProject section */

/* Begin PBXResourcesBuildPhase section */
		C5F41FA3D50302EB76D0C73D /* Resources */ = {
			isa = PBXResourcesBuildPhase;
			buildActionMask = 2147483647;
			files = (
				2A08640DD0475046D3D6E44E /* Assets.xcassets in Resources */,
			);
			runOnlyForDeploymentPostprocessing = 0;
		};
/* End PBXResourcesBuildPhase section */

/* Begin PBXSourcesBuildPhase section */
		6830FC850407815D382BB15C /* Sources */ = {
			isa = PBXSourcesBuildPhase;
			buildActionMask = 2147483647;
			files = (
				F992B8A0B61D4606B201708E /* AppDelegate.swift in Sources */,
				862D70C7362FFF9A793294E9 /* CPUCollector.swift in Sources */,
				BFAF49D9081C3BA483EB6194 /* Formatting.swift in Sources */,
				06E51115589B23BCCB083811 /* GPUCollector.swift in Sources */,
				52910974B06F0061D620B33E /* InfoApp.swift in Sources */,
				FCC24ECA7660A465CDA9F5BF /* LaunchAtLogin.swift in Sources */,
				812B9CEA26B866E0377C57BF /* Logging.swift in Sources */,
				19D4164221C4F2C26D2BCDB9 /* MemoryCollector.swift in Sources */,
				BB16E0F75B508C492A84D2DF /* MenuBarItemView.swift in Sources */,
				27B118B2C9ACBAAD0ACC6FE4 /* MenuBarStyle.swift in Sources */,
				2719B890822A29CEDA73DE1C /* MenuBarVisibility.swift in Sources */,
				8FAB3A362B3559D0E654E353 /* MetricKind.swift in Sources */,
				E78FBE6E0572026CBEACE86C /* MetricPanels.swift in Sources */,
				6A8D454C77536138D45D0226 /* MetricsEngine.swift in Sources */,
				E7F8A269BCCF3517F740111A /* MetricsSnapshot.swift in Sources */,
				C36F774B0D7004ACBABB2587 /* NetworkCollector.swift in Sources */,
				EA557F67912DAB1AD3BF911F /* NetworkExtras.swift in Sources */,
				B39264797F42766CBB9DA327 /* NetworkInfo.swift in Sources */,
				1D5AE7F0D938F34CB15CA7EE /* OnboardingView.swift in Sources */,
				854FAE998766416C5BB1B97B /* PanelComponents.swift in Sources */,
				2CE9CF2ECD41502D3301319F /* PowerGate.swift in Sources */,
				EBFB9C4EA517BC50B414202E /* Preferences.swift in Sources */,
				C8B19A1F1DF851F9A5F24323 /* RingBuffer.swift in Sources */,
				157597EA1FDB3BE0A88333AB /* SMC.swift in Sources */,
				B5D65757D121DF12B0967CE1 /* SamplingState.swift in Sources */,
				1E6B49AF0F1B061160F2E690 /* SettingsView.swift in Sources */,
				491398778EF9BBE8C24B23B6 /* SnapshotTool.swift in Sources */,
				F03FA0F63FB4151D423E3E3B /* StatusItemController.swift in Sources */,
				C9A9C7AF1C40FB8F7289B9FF /* TemperatureModel.swift in Sources */,
				DC3E8CE5F7CD6186326DEB6F /* TopProcesses.swift in Sources */,
				06BB045C4B5B340CB84B5FFF /* WindowManager.swift in Sources */,
			);
			runOnlyForDeploymentPostprocessing = 0;
		};
		F9010E12DB556D40D275B12F /* Sources */ = {
			isa = PBXSourcesBuildPhase;
			buildActionMask = 2147483647;
			files = (
				6FA52751E1B90F41E236DC57 /* SmokeTests.swift in Sources */,
			);
			runOnlyForDeploymentPostprocessing = 0;
		};
/* End PBXSourcesBuildPhase section */

/* Begin PBXTargetDependency section */
		1CE247CCD397C9530EB0301E /* PBXTargetDependency */ = {
			isa = PBXTargetDependency;
			target = CC5DFC91ED15F4DD8783D1D5 /* Info */;
			targetProxy = 16F5E8E7B88CBA0D6D9A39C8 /* PBXContainerItemProxy */;
		};
/* End PBXTargetDependency section */

/* Begin XCBuildConfiguration section */
		4BFCB7759AD6630DFF37E148 /* Release */ = {
			isa = XCBuildConfiguration;
			buildSettings = {
				ALWAYS_SEARCH_USER_PATHS = NO;
				CLANG_ANALYZER_NONNULL = YES;
				CLANG_ANALYZER_NUMBER_OBJECT_CONVERSION = YES_AGGRESSIVE;
				CLANG_CXX_LANGUAGE_STANDARD = "gnu++14";
				CLANG_CXX_LIBRARY = "libc++";
				CLANG_ENABLE_MODULES = YES;
				CLANG_ENABLE_OBJC_ARC = YES;
				CLANG_ENABLE_OBJC_WEAK = YES;
				CLANG_WARN_BLOCK_CAPTURE_AUTORELEASING = YES;
				CLANG_WARN_BOOL_CONVERSION = YES;
				CLANG_WARN_COMMA = YES;
				CLANG_WARN_CONSTANT_CONVERSION = YES;
				CLANG_WARN_DEPRECATED_OBJC_IMPLEMENTATIONS = YES;
				CLANG_WARN_DIRECT_OBJC_ISA_USAGE = YES_ERROR;
				CLANG_WARN_DOCUMENTATION_COMMENTS = NO;
				CLANG_WARN_EMPTY_BODY = YES;
				CLANG_WARN_ENUM_CONVERSION = YES;
				CLANG_WARN_INFINITE_RECURSION = YES;
				CLANG_WARN_INT_CONVERSION = YES;
				CLANG_WARN_NON_LITERAL_NULL_CONVERSION = YES;
				CLANG_WARN_OBJC_IMPLICIT_RETAIN_SELF = YES;
				CLANG_WARN_OBJC_LITERAL_CONVERSION = YES;
				CLANG_WARN_OBJC_ROOT_CLASS = YES_ERROR;
				CLANG_WARN_QUOTED_INCLUDE_IN_FRAMEWORK_HEADER = YES;
				CLANG_WARN_RANGE_LOOP_ANALYSIS = YES;
				CLANG_WARN_STRICT_PROTOTYPES = YES;
				CLANG_WARN_SUSPICIOUS_MOVE = YES;
				CLANG_WARN_UNGUARDED_AVAILABILITY = YES_AGGRESSIVE;
				CLANG_WARN_UNREACHABLE_CODE = YES;
				CLANG_WARN__DUPLICATE_METHOD_MATCH = YES;
				CODE_SIGNING_ALLOWED = YES;
				CODE_SIGN_IDENTITY = "-";
				CODE_SIGN_INJECT_BASE_ENTITLEMENTS = NO;
				CODE_SIGN_STYLE = Manual;
				COPY_PHASE_STRIP = NO;
				DEAD_CODE_STRIPPING = YES;
				DEBUG_INFORMATION_FORMAT = "dwarf-with-dsym";
				ENABLE_HARDENED_RUNTIME = YES;
				ENABLE_NS_ASSERTIONS = NO;
				ENABLE_STRICT_OBJC_MSGSEND = YES;
				GCC_C_LANGUAGE_STANDARD = gnu11;
				GCC_NO_COMMON_BLOCKS = YES;
				GCC_WARN_64_TO_32_BIT_CONVERSION = YES;
				GCC_WARN_ABOUT_RETURN_TYPE = YES_ERROR;
				GCC_WARN_UNDECLARED_SELECTOR = YES;
				GCC_WARN_UNINITIALIZED_AUTOS = YES;
				GCC_WARN_UNUSED_FUNCTION = YES;
				GCC_WARN_UNUSED_VARIABLE = YES;
				MACOSX_DEPLOYMENT_TARGET = 26.0;
				MTL_ENABLE_DEBUG_INFO = NO;
				MTL_FAST_MATH = YES;
				PRODUCT_NAME = "$(TARGET_NAME)";
				SDKROOT = macosx;
				SWIFT_COMPILATION_MODE = wholemodule;
				SWIFT_OPTIMIZATION_LEVEL = "-O";
				SWIFT_STRICT_CONCURRENCY = complete;
				SWIFT_VERSION = 6.0;
			};
			name = Release;
		};
		5216BCC3E422CD5C8BB02688 /* Debug */ = {
			isa = XCBuildConfiguration;
			buildSettings = {
				ALWAYS_SEARCH_USER_PATHS = NO;
				CLANG_ANALYZER_NONNULL = YES;
				CLANG_ANALYZER_NUMBER_OBJECT_CONVERSION = YES_AGGRESSIVE;
				CLANG_CXX_LANGUAGE_STANDARD = "gnu++14";
				CLANG_CXX_LIBRARY = "libc++";
				CLANG_ENABLE_MODULES = YES;
				CLANG_ENABLE_OBJC_ARC = YES;
				CLANG_ENABLE_OBJC_WEAK = YES;
				CLANG_WARN_BLOCK_CAPTURE_AUTORELEASING = YES;
				CLANG_WARN_BOOL_CONVERSION = YES;
				CLANG_WARN_COMMA = YES;
				CLANG_WARN_CONSTANT_CONVERSION = YES;
				CLANG_WARN_DEPRECATED_OBJC_IMPLEMENTATIONS = YES;
				CLANG_WARN_DIRECT_OBJC_ISA_USAGE = YES_ERROR;
				CLANG_WARN_DOCUMENTATION_COMMENTS = NO;
				CLANG_WARN_EMPTY_BODY = YES;
				CLANG_WARN_ENUM_CONVERSION = YES;
				CLANG_WARN_INFINITE_RECURSION = YES;
				CLANG_WARN_INT_CONVERSION = YES;
				CLANG_WARN_NON_LITERAL_NULL_CONVERSION = YES;
				CLANG_WARN_OBJC_IMPLICIT_RETAIN_SELF = YES;
				CLANG_WARN_OBJC_LITERAL_CONVERSION = YES;
				CLANG_WARN_OBJC_ROOT_CLASS = YES_ERROR;
				CLANG_WARN_QUOTED_INCLUDE_IN_FRAMEWORK_HEADER = YES;
				CLANG_WARN_RANGE_LOOP_ANALYSIS = YES;
				CLANG_WARN_STRICT_PROTOTYPES = YES;
				CLANG_WARN_SUSPICIOUS_MOVE = YES;
				CLANG_WARN_UNGUARDED_AVAILABILITY = YES_AGGRESSIVE;
				CLANG_WARN_UNREACHABLE_CODE = YES;
				CLANG_WARN__DUPLICATE_METHOD_MATCH = YES;
				CODE_SIGNING_ALLOWED = YES;
				CODE_SIGN_IDENTITY = "-";
				CODE_SIGN_INJECT_BASE_ENTITLEMENTS = NO;
				CODE_SIGN_STYLE = Manual;
				COPY_PHASE_STRIP = NO;
				DEAD_CODE_STRIPPING = YES;
				DEBUG_INFORMATION_FORMAT = dwarf;
				ENABLE_HARDENED_RUNTIME = YES;
				ENABLE_STRICT_OBJC_MSGSEND = YES;
				ENABLE_TESTABILITY = YES;
				GCC_C_LANGUAGE_STANDARD = gnu11;
				GCC_DYNAMIC_NO_PIC = NO;
				GCC_NO_COMMON_BLOCKS = YES;
				GCC_OPTIMIZATION_LEVEL = 0;
				GCC_PREPROCESSOR_DEFINITIONS = (
					"$(inherited)",
					"DEBUG=1",
				);
				GCC_WARN_64_TO_32_BIT_CONVERSION = YES;
				GCC_WARN_ABOUT_RETURN_TYPE = YES_ERROR;
				GCC_WARN_UNDECLARED_SELECTOR = YES;
				GCC_WARN_UNINITIALIZED_AUTOS = YES;
				GCC_WARN_UNUSED_FUNCTION = YES;
				GCC_WARN_UNUSED_VARIABLE = YES;
				MACOSX_DEPLOYMENT_TARGET = 26.0;
				MTL_ENABLE_DEBUG_INFO = INCLUDE_SOURCE;
				MTL_FAST_MATH = YES;
				ONLY_ACTIVE_ARCH = YES;
				PRODUCT_NAME = "$(TARGET_NAME)";
				SDKROOT = macosx;
				SWIFT_ACTIVE_COMPILATION_CONDITIONS = DEBUG;
				SWIFT_OPTIMIZATION_LEVEL = "-Onone";
				SWIFT_STRICT_CONCURRENCY = complete;
				SWIFT_VERSION = 6.0;
			};
			name = Debug;
		};
		8C86C6F1B3C8760EAD5D7CC9 /* Debug */ = {
			isa = XCBuildConfiguration;
			buildSettings = {
				ASSETCATALOG_COMPILER_APPICON_NAME = AppIcon;
				ASSETCATALOG_COMPILER_GLOBAL_ACCENT_COLOR_NAME = AccentColor;
				COMBINE_HIDPI_IMAGES = YES;
				CURRENT_PROJECT_VERSION = 4;
				ENABLE_PREVIEWS = YES;
				INFOPLIST_FILE = Info/Resources/Info.plist;
				LD_RUNPATH_SEARCH_PATHS = (
					"$(inherited)",
					"@executable_path/../Frameworks",
				);
				MARKETING_VERSION = 0.4.0;
				PRODUCT_BUNDLE_IDENTIFIER = com.info.app;
				PRODUCT_NAME = Info;
				SDKROOT = macosx;
			};
			name = Debug;
		};
		B647303E755D2352C2BEBACA /* Debug */ = {
			isa = XCBuildConfiguration;
			buildSettings = {
				BUNDLE_LOADER = "$(TEST_HOST)";
				COMBINE_HIDPI_IMAGES = YES;
				GENERATE_INFOPLIST_FILE = YES;
				LD_RUNPATH_SEARCH_PATHS = (
					"$(inherited)",
					"@executable_path/../Frameworks",
					"@loader_path/../Frameworks",
				);
				PRODUCT_BUNDLE_IDENTIFIER = com.info.app.tests;
				SDKROOT = macosx;
				TEST_HOST = "$(BUILT_PRODUCTS_DIR)/Info.app/Contents/MacOS/Info";
			};
			name = Debug;
		};
		D7570D5436049268A4C8B359 /* Release */ = {
			isa = XCBuildConfiguration;
			buildSettings = {
				ASSETCATALOG_COMPILER_APPICON_NAME = AppIcon;
				ASSETCATALOG_COMPILER_GLOBAL_ACCENT_COLOR_NAME = AccentColor;
				COMBINE_HIDPI_IMAGES = YES;
				CURRENT_PROJECT_VERSION = 4;
				ENABLE_PREVIEWS = YES;
				INFOPLIST_FILE = Info/Resources/Info.plist;
				LD_RUNPATH_SEARCH_PATHS = (
					"$(inherited)",
					"@executable_path/../Frameworks",
				);
				MARKETING_VERSION = 0.4.0;
				PRODUCT_BUNDLE_IDENTIFIER = com.info.app;
				PRODUCT_NAME = Info;
				SDKROOT = macosx;
			};
			name = Release;
		};
		DECBBF2BC07D6AF23BC79F43 /* Release */ = {
			isa = XCBuildConfiguration;
			buildSettings = {
				BUNDLE_LOADER = "$(TEST_HOST)";
				COMBINE_HIDPI_IMAGES = YES;
				GENERATE_INFOPLIST_FILE = YES;
				LD_RUNPATH_SEARCH_PATHS = (
					"$(inherited)",
					"@executable_path/../Frameworks",
					"@loader_path/../Frameworks",
				);
				PRODUCT_BUNDLE_IDENTIFIER = com.info.app.tests;
				SDKROOT = macosx;
				TEST_HOST = "$(BUILT_PRODUCTS_DIR)/Info.app/Contents/MacOS/Info";
			};
			name = Release;
		};
/* End XCBuildConfiguration section */

/* Begin XCConfigurationList section */
		8BE9A334D0096F8CB1238B23 /* Build configuration list for PBXProject "Info" */ = {
			isa = XCConfigurationList;
			buildConfigurations = (
				5216BCC3E422CD5C8BB02688 /* Debug */,
				4BFCB7759AD6630DFF37E148 /* Release */,
			);
			defaultConfigurationIsVisible = 0;
			defaultConfigurationName = Debug;
		};
		C43962BC585A04E2F00171D6 /* Build configuration list for PBXNativeTarget "InfoTests" */ = {
			isa = XCConfigurationList;
			buildConfigurations = (
				B647303E755D2352C2BEBACA /* Debug */,
				DECBBF2BC07D6AF23BC79F43 /* Release */,
			);
			defaultConfigurationIsVisible = 0;
			defaultConfigurationName = Debug;
		};
		DA02D4B7840EA570DF66FAFA /* Build configuration list for PBXNativeTarget "Info" */ = {
			isa = XCConfigurationList;
			buildConfigurations = (
				8C86C6F1B3C8760EAD5D7CC9 /* Debug */,
				D7570D5436049268A4C8B359 /* Release */,
			);
			defaultConfigurationIsVisible = 0;
			defaultConfigurationName = Debug;
		};
/* End XCConfigurationList section */
	};
	rootObject = 047E785A26E310D465C55837 /* Project object */;
}
